
Microsoft Visual Studio Solution File, Format Version 12.00
# Visual Studio Version 16
VisualStudioVersion = 16.0.29326.143
MinimumVisualStudioVersion = 10.0.40219.1
Project("{FAE04EC0-301F-11D3-BF4B-00C04F79EFBC}") = "SampleApp.iOS", "SampleApp\SampleApp.iOS\SampleApp.iOS.csproj", "{69679FE1-AC5F-4D97-BA10-404CF78D7F0D}"
EndProject
Project("{9A19103F-16F7-4668-BE54-9A1E7A4F7556}") = "SampleApp", "SampleApp\SampleApp\SampleApp.csproj", "{3C04B8AD-052E-4DA1-AADB-CB23C897074B}"
EndProject
Project("{FAE04EC0-301F-11D3-BF4B-00C04F79EFBC}") = "SampleApp.Android", "SampleApp\SampleApp.Android\SampleApp.Android.csproj", "{A1C2D94B-CE39-4A31-9239-3F390EC6C2C7}"
EndProject
Global
	GlobalSection(SolutionConfigurationPlatforms) = preSolution
		Debug|Any CPU = Debug|Any CPU
		Debug|ARM = Debug|ARM
		Debug|iPhone = Debug|iPhone
		Debug|iPhoneSimulator = Debug|iPhoneSimulator
		Debug|x64 = Debug|x64
		Debug|x86 = Debug|x86
		Release|Any CPU = Release|Any CPU
		Release|ARM = Release|ARM
		Release|iPhone = Release|iPhone
		Release|iPhoneSimulator = Release|iPhoneSimulator
		Release|x64 = Release|x64
		Release|x86 = Release|x86
	EndGlobalSection
	GlobalSection(ProjectConfigurationPlatforms) = postSolution
		{69679FE1-AC5F-4D97-BA10-404CF78D7F0D}.Debug|Any CPU.ActiveCfg = Debug|iPhone
		{69679FE1-AC5F-4D97-BA10-404CF78D7F0D}.Debug|Any CPU.Build.0 = Debug|iPhone
		{69679FE1-AC5F-4D97-BA10-404CF78D7F0D}.Debug|Any CPU.Deploy.0 = Debug|iPhone
		{69679FE1-AC5F-4D97-BA10-404CF78D7F0D}.Debug|ARM.ActiveCfg = Debug|iPhoneSimulator
		{69679FE1-AC5F-4D97-BA10-404CF78D7F0D}.Debug|ARM.Build.0 = Debug|iPhoneSimulator
		{69679FE1-AC5F-4D97-BA10-404CF78D7F0D}.Debug|ARM.Deploy.0 = Debug|iPhoneSimulator
		{69679FE1-AC5F-4D97-BA10-404CF78D7F0D}.Debug|iPhone.ActiveCfg = Debug|iPhone
		{69679FE1-AC5F-4D97-BA10-404CF78D7F0D}.Debug|iPhone.Build.0 = Debug|iPhone
		{69679FE1-AC5F-4D97-BA10-404CF78D7F0D}.Debug|iPhone.Deploy.0 = Debug|iPhone
		{69679FE1-AC5F-4D97-BA10-404CF78D7F0D}.Debug|iPhoneSimulator.ActiveCfg = Debug|iPhoneSimulator
		{69679FE1-AC5F-4D97-BA10-404CF78D7F0D}.Debug|iPhoneSimulator.Build.0 = Debug|iPhoneSimulator
		{69679FE1-AC5F-4D97-BA10-404CF78D7F0D}.Debug|iPhoneSimulator.Deploy.0 = Debug|iPhoneSimulator
		{69679FE1-AC5F-4D97-BA10-404CF78D7F0D}.Debug|x64.ActiveCfg = Debug|iPhone
		{69679FE1-AC5F-4D97-BA10-404CF78D7F0D}.Debug|x64.Build.0 = Debug|iPhone
		{69679FE1-AC5F-4D97-BA10-404CF78D7F0D}.Debug|x64.Deploy.0 = Debug|iPhone
		{69679FE1-AC5F-4D97-BA10-404CF78D7F0D}.Debug|x86.ActiveCfg = Debug|iPhone
		{69679FE1-AC5F-4D97-BA10-404CF78D7F0D}.Debug|x86.Build.0 = Debug|iPhone
		{69679FE1-AC5F-4D97-BA10-404CF78D7F0D}.Debug|x86.Deploy.0 = Debug|iPhone
		{69679FE1-AC5F-4D97-BA10-404CF78D7F0D}.Release|Any CPU.ActiveCfg = Release|iPhone
		{69679FE1-AC5F-4D97-BA10-404CF78D7F0D}.Release|Any CPU.Build.0 = Release|iPhone
		{69679FE1-AC5F-4D97-BA10-404CF78D7F0D}.Release|Any CPU.Deploy.0 = Release|iPhone
		{69679FE1-AC5F-4D97-BA10-404CF78D7F0D}.Release|ARM.ActiveCfg = Release|iPhone
		{69679FE1-AC5F-4D97-BA10-404CF78D7F0D}.Release|ARM.Build.0 = Release|iPhone
		{69679FE1-AC5F-4D97-BA10-404CF78D7F0D}.Release|ARM.Deploy.0 = Release|iPhone
		{69679FE1-AC5F-4D97-BA10-404CF78D7F0D}.Release|iPhone.ActiveCfg = Release|iPhone
		{69679FE1-AC5F-4D97-BA10-404CF78D7F0D}.Release|iPhone.Build.0 = Release|iPhone
		{69679FE1-AC5F-4D97-BA10-404CF78D7F0D}.Release|iPhone.Deploy.0 = Release|iPhone
		{69679FE1-AC5F-4D97-BA10-404CF78D7F0D}.Release|iPhoneSimulator.ActiveCfg = Release|iPhoneSimulator
		{69679FE1-AC5F-4D97-BA10-404CF78D7F0D}.Release|iPhoneSimulator.Build.0 = Release|iPhoneSimulator
		{69679FE1-AC5F-4D97-BA10-404CF78D7F0D}.Release|iPhoneSimulator.Deploy.0 = Release|iPhoneSimulator
		{69679FE1-AC5F-4D97-BA10-404CF78D7F0D}.Release|x64.ActiveCfg = Release|iPhone
		{69679FE1-AC5F-4D97-BA10-404CF78D7F0D}.Release|x64.Build.0 = Release|iPhone
		{69679FE1-AC5F-4D97-BA10-404CF78D7F0D}.Release|x64.Deploy.0 = Release|iPhone
		{69679FE1-AC5F-4D97-BA10-404CF78D7F0D}.Release|x86.ActiveCfg = Release|iPhone
		{69679FE1-AC5F-4D97-BA10-404CF78D7F0D}.Release|x86.Build.0 = Release|iPhone
		{69679FE1-AC5F-4D97-BA10-404CF78D7F0D}.Release|x86.Deploy.0 = Release|iPhone
		{3C04B8AD-052E-4DA1-AADB-CB23C897074B}.Debug|Any CPU.ActiveCfg = Debug|Any CPU
		{3C04B8AD-052E-4DA1-AADB-CB23C897074B}.Debug|Any CPU.Build.0 = Debug|Any CPU
		{3C04B8AD-052E-4DA1-AADB-CB23C897074B}.Debug|Any CPU.Deploy.0 = Debug|Any CPU
		{3C04B8AD-052E-4DA1-AADB-CB23C897074B}.Debug|ARM.ActiveCfg = Debug|Any CPU
		{3C04B8AD-052E-4DA1-AADB-CB23C897074B}.Debug|ARM.Build.0 = Debug|Any CPU
		{3C04B8AD-052E-4DA1-AADB-CB23C897074B}.Debug|ARM.Deploy.0 = Debug|Any CPU
		{3C04B8AD-052E-4DA1-AADB-CB23C897074B}.Debug|iPhone.ActiveCfg = Debug|Any CPU
		{3C04B8AD-052E-4DA1-AADB-CB23C897074B}.Debug|iPhone.Build.0 = Debug|Any CPU
		{3C04B8AD-052E-4DA1-AADB-CB23C897074B}.Debug|iPhone.Deploy.0 = Debug|Any CPU
		{3C04B8AD-052E-4DA1-AADB-CB23C897074B}.Debug|iPhoneSimulator.ActiveCfg = Debug|Any CPU
		{3C04B8AD-052E-4DA1-AADB-CB23C897074B}.Debug|iPhoneSimulator.Build.0 = Debug|Any CPU
		{3C04B8AD-052E-4DA1-AADB-CB23C897074B}.Debug|iPhoneSimulator.Deploy.0 = Debug|Any CPU
		{3C04B8AD-052E-4DA1-AADB-CB23C897074B}.Debug|x64.ActiveCfg = Debug|Any CPU
		{3C04B8AD-052E-4DA1-AADB-CB23C897074B}.Debug|x64.Build.0 = Debug|Any CPU
		{3C04B8AD-052E-4DA1-AADB-CB23C897074B}.Debug|x64.Deploy.0 = Debug|Any CPU
		{3C04B8AD-052E-4DA1-AADB-CB23C897074B}.Debug|x86.ActiveCfg = Debug|Any CPU
		{3C04B8AD-052E-4DA1-AADB-CB23C897074B}.Debug|x86.Build.0 = Debug|Any CPU
		{3C04B8AD-052E-4DA1-AADB-CB23C897074B}.Debug|x86.Deploy.0 = Debug|Any CPU
		{3C04B8AD-052E-4DA1-AADB-CB23C897074B}.Release|Any CPU.ActiveCfg = Release|Any CPU
		{3C04B8AD-052E-4DA1-AADB-CB23C897074B}.Release|Any CPU.Build.0 = Release|Any CPU
		{3C04B8AD-052E-4DA1-AADB-CB23C897074B}.Release|Any CPU.Deploy.0 = Release|Any CPU
		{3C04B8AD-052E-4DA1-AADB-CB23C897074B}.Release|ARM.ActiveCfg = Release|Any CPU
		{3C04B8AD-052E-4DA1-AADB-CB23C897074B}.Release|ARM.Build.0 = Release|Any CPU
		{3C04B8AD-052E-4DA1-AADB-CB23C897074B}.Release|ARM.Deploy.0 = Release|Any CPU
		{3C04B8AD-052E-4DA1-AADB-CB23C897074B}.Release|iPhone.ActiveCfg = Release|Any CPU
		{3C04B8AD-052E-4DA1-AADB-CB23C897074B}.Release|iPhone.Build.0 = Release|Any CPU
		{3C04B8AD-052E-4DA1-AADB-CB23C897074B}.Release|iPhone.Deploy.0 = Release|Any CPU
		{3C04B8AD-052E-4DA1-AADB-CB23C897074B}.Release|iPhoneSimulator.ActiveCfg = Release|Any CPU
		{3C04B8AD-052E-4DA1-AADB-CB23C897074B}.Release|iPhoneSimulator.Build.0 = Release|Any CPU
		{3C04B8AD-052E-4DA1-AADB-CB23C897074B}.Release|iPhoneSimulator.Deploy.0 = Release|Any CPU
		{3C04B8AD-052E-4DA1-AADB-CB23C897074B}.Release|x64.ActiveCfg = Release|Any CPU
		{3C04B8AD-052E-4DA1-AADB-CB23C897074B}.Release|x64.Build.0 = Release|Any CPU
		{3C04B8AD-052E-4DA1-AADB-CB23C897074B}.Release|x64.Deploy.0 = Release|Any CPU
		{3C04B8AD-052E-4DA1-AADB-CB23C897074B}.Release|x86.ActiveCfg = Release|Any CPU
		{3C04B8AD-052E-4DA1-AADB-CB23C897074B}.Release|x86.Build.0 = Release|Any CPU
		{3C04B8AD-052E-4DA1-AADB-CB23C897074B}.Release|x86.Deploy.0 = Release|Any CPU
		{A1C2D94B-CE39-4A31-9239-3F390EC6C2C7}.Debug|Any CPU.ActiveCfg = Debug|Any CPU
		{A1C2D94B-CE39-4A31-9239-3F390EC6C2C7}.Debug|Any CPU.Build.0 = Debug|Any CPU
		{A1C2D94B-CE39-4A31-9239-3F390EC6C2C7}.Debug|Any CPU.Deploy.0 = Debug|Any CPU
		{A1C2D94B-CE39-4A31-9239-3F390EC6C2C7}.Debug|ARM.ActiveCfg = Debug|Any CPU
		{A1C2D94B-CE39-4A31-9239-3F390EC6C2C7}.Debug|ARM.Build.0 = Debug|Any CPU
		{A1C2D94B-CE39-4A31-9239-3F390EC6C2C7}.Debug|ARM.Deploy.0 = Debug|Any CPU
		{A1C2D94B-CE39-4A31-9239-3F390EC6C2C7}.Debug|iPhone.ActiveCfg = Debug|Any CPU
		{A1C2D94B-CE39-4A31-9239-3F390EC6C2C7}.Debug|iPhone.Build.0 = Debug|Any CPU
		{A1C2D94B-CE39-4A31-9239-3F390EC6C2C7}.Debug|iPhone.Deploy.0 = Debug|Any CPU
		{A1C2D94B-CE39-4A31-9239-3F390EC6C2C7}.Debug|iPhoneSimulator.ActiveCfg = Debug|Any CPU
		{A1C2D94B-CE39-4A31-9239-3F390EC6C2C7}.Debug|iPhoneSimulator.Build.0 = Debug|Any CPU
		{A1C2D94B-CE39-4A31-9239-3F390EC6C2C7}.Debug|iPhoneSimulator.Deploy.0 = Debug|Any CPU
		{A1C2D94B-CE39-4A31-9239-3F390EC6C2C7}.Debug|x64.ActiveCfg = Debug|Any CPU
		{A1C2D94B-CE39-4A31-9239-3F390EC6C2C7}.Debug|x64.Build.0 = Debug|Any CPU
		{A1C2D94B-CE39-4A31-9239-3F390EC6C2C7}.Debug|x64.Deploy.0 = Debug|Any CPU
		{A1C2D94B-CE39-4A31-9239-3F390EC6C2C7}.Debug|x86.ActiveCfg = Debug|Any CPU
		{A1C2D94B-CE39-4A31-9239-3F390EC6C2C7}.Debug|x86.Build.0 = Debug|Any CPU
		{A1C2D94B-CE39-4A31-9239-3F390EC6C2C7}.Debug|x86.Deploy.0 = Debug|Any CPU
		{A1C2D94B-CE39-4A31-9239-3F390EC6C2C7}.Release|Any CPU.ActiveCfg = Release|Any CPU
		{A1C2D94B-CE39-4A31-9239-3F390EC6C2C7}.Release|Any CPU.Build.0 = Release|Any CPU
		{A1C2D94B-CE39-4A31-9239-3F390EC6C2C7}.Release|Any CPU.Deploy.0 = Release|Any CPU
		{A1C2D94B-CE39-4A31-9239-3F390EC6C2C7}.Release|ARM.ActiveCfg = Release|Any CPU
		{A1C2D94B-CE39-4A31-9239-3F390EC6C2C7}.Release|ARM.Build.0 = Release|Any CPU
		{A1C2D94B-CE39-4A31-9239-3F390EC6C2C7}.Release|ARM.Deploy.0 = Release|Any CPU
		{A1C2D94B-CE39-4A31-9239-3F390EC6C2C7}.Release|iPhone.ActiveCfg = Release|Any CPU
		{A1C2D94B-CE39-4A31-9239-3F390EC6C2C7}.Release|iPhone.Build.0 = Release|Any CPU
		{A1C2D94B-CE39-4A31-9239-3F390EC6C2C7}.Release|iPhone.Deploy.0 = Release|Any CPU
		{A1C2D94B-CE39-4A31-9239-3F390EC6C2C7}.Release|iPhoneSimulator.ActiveCfg = Release|Any CPU
		{A1C2D94B-CE39-4A31-9239-3F390EC6C2C7}.Release|iPhoneSimulator.Build.0 = Release|Any CPU
		{A1C2D94B-CE39-4A31-9239-3F390EC6C2C7}.Release|iPhoneSimulator.Deploy.0 = Release|Any CPU
		{A1C2D94B-CE39-4A31-9239-3F390EC6C2C7}.Release|x64.ActiveCfg = Release|Any CPU
		{A1C2D94B-CE39-4A31-9239-3F390EC6C2C7}.Release|x64.Build.0 = Release|Any CPU
		{A1C2D94B-CE39-4A31-9239-3F390EC6C2C7}.Release|x64.Deploy.0 = Release|Any CPU
		{A1C2D94B-CE39-4A31-9239-3F390EC6C2C7}.Release|x86.ActiveCfg = Release|Any CPU
		{A1C2D94B-CE39-4A31-9239-3F390EC6C2C7}.Release|x86.Build.0 = Release|Any CPU
		{A1C2D94B-CE39-4A31-9239-3F390EC6C2C7}.Release|x86.Deploy.0 = Release|Any CPU
	EndGlobalSection
	GlobalSection(SolutionProperties) = preSolution
		HideSolutionNode = FALSE
	EndGlobalSection
	GlobalSection(ExtensibilityGlobals) = postSolution
		SolutionGuid = {D0253D8E-46C0-4E98-AB38-C4645BBA2323}
	EndGlobalSection
EndGlobal
